
Microsoft Visual Studio Solution File, Format Version 12.00
# Visual Studio Version 17
VisualStudioVersion = 17.0.31903.59
MinimumVisualStudioVersion = 10.0.40219.1
Project("{8BC9CEB8-8B4A-11D0-8D11-00A0C91BC942}") = "TOTPCredentialProvider", "CredentialProvider\TOTPCredentialProvider.vcxproj", "{D1E2F3A4-B5C6-7890-ABCD-EF1234567890}"
EndProject
Project("{8BC9CEB8-8B4A-11D0-8D11-00A0C91BC942}") = "TOTPCredentialProviderFilter", "CredentialProviderFilter\TOTPCredentialProviderFilter.vcxproj", "{C1D2E3F4-A5B6-4C7D-8E9F-0A1B2C3D4E5F}"
EndProject
Project("{8BC9CEB8-8B4A-11D0-8D11-00A0C91BC942}") = "TOTPSetup", "Setup\TOTPSetup.vcxproj", "{B2C3D4E5-F6A7-8901-BCDE-F12345678901}"
	ProjectSection(ProjectDependencies) = postProject
		{D1E2F3A4-B5C6-7890-ABCD-EF1234567890} = {D1E2F3A4-B5C6-7890-ABCD-EF1234567890}
		{C1D2E3F4-A5B6-4C7D-8E9F-0A1B2C3D4E5F} = {C1D2E3F4-A5B6-4C7D-8E9F-0A1B2C3D4E5F}
	EndProjectSection
EndProject
Global
	GlobalSection(SolutionConfigurationPlatforms) = preSolution
		Debug|Win32 = Debug|Win32
		Debug|x64 = Debug|x64
		Release|Win32 = Release|Win32
		Release|x64 = Release|x64
	EndGlobalSection
	GlobalSection(ProjectConfigurationPlatforms) = postSolution
		{D1E2F3A4-B5C6-7890-ABCD-EF1234567890}.Debug|Win32.ActiveCfg = Debug|Win32
		{D1E2F3A4-B5C6-7890-ABCD-EF1234567890}.Debug|Win32.Build.0 = Debug|Win32
		{D1E2F3A4-B5C6-7890-ABCD-EF1234567890}.Debug|x64.ActiveCfg = Debug|x64
		{D1E2F3A4-B5C6-7890-ABCD-EF1234567890}.Debug|x64.Build.0 = Debug|x64
		{D1E2F3A4-B5C6-7890-ABCD-EF1234567890}.Release|Win32.ActiveCfg = Release|Win32
		{D1E2F3A4-B5C6-7890-ABCD-EF1234567890}.Release|Win32.Build.0 = Release|Win32
		{D1E2F3A4-B5C6-7890-ABCD-EF1234567890}.Release|x64.ActiveCfg = Release|x64
		{D1E2F3A4-B5C6-7890-ABCD-EF1234567890}.Release|x64.Build.0 = Release|x64
		{C1D2E3F4-A5B6-4C7D-8E9F-0A1B2C3D4E5F}.Debug|Win32.ActiveCfg = Debug|x64
		{C1D2E3F4-A5B6-4C7D-8E9F-0A1B2C3D4E5F}.Debug|x64.ActiveCfg = Debug|x64
		{C1D2E3F4-A5B6-4C7D-8E9F-0A1B2C3D4E5F}.Debug|x64.Build.0 = Debug|x64
		{C1D2E3F4-A5B6-4C7D-8E9F-0A1B2C3D4E5F}.Release|Win32.ActiveCfg = Release|x64
		{C1D2E3F4-A5B6-4C7D-8E9F-0A1B2C3D4E5F}.Release|x64.ActiveCfg = Release|x64
		{C1D2E3F4-A5B6-4C7D-8E9F-0A1B2C3D4E5F}.Release|x64.Build.0 = Release|x64
		{B2C3D4E5-F6A7-8901-BCDE-F12345678901}.Debug|Win32.ActiveCfg = Debug|Win32
		{B2C3D4E5-F6A7-8901-BCDE-F12345678901}.Debug|Win32.Build.0 = Debug|Win32
		{B2C3D4E5-F6A7-8901-BCDE-F12345678901}.Debug|x64.ActiveCfg = Debug|x64
		{B2C3D4E5-F6A7-8901-BCDE-F12345678901}.Debug|x64.Build.0 = Debug|x64
		{B2C3D4E5-F6A7-8901-BCDE-F12345678901}.Release|Win32.ActiveCfg = Release|Win32
		{B2C3D4E5-F6A7-8901-BCDE-F12345678901}.Release|Win32.Build.0 = Release|Win32
		{B2C3D4E5-F6A7-8901-BCDE-F12345678901}.Release|x64.ActiveCfg = Release|x64
		{B2C3D4E5-F6A7-8901-BCDE-F12345678901}.Release|x64.Build.0 = Release|x64
	EndGlobalSection
	GlobalSection(SolutionProperties) = preSolution
		HideSolutionNode = FALSE
	EndGlobalSection
	GlobalSection(ExtensibilityGlobals) = postSolution
		SolutionGuid = {E1F2A3B4-C5D6-7890-ABCD-EF1234567890}
	EndGlobalSection
EndGlobal
